// !$*UTF8*$!
{
	archiveVersion = 1;
	classes = {
	};
	objectVersion = 55;
	objects = {

/* Begin PBXBuildFile section */
		72769EE02808803800F02C78 /* WeatherOverviewViewModel.swift in Sources */ = {isa = PBXBuildFile; fileRef = 72769EDF2808803800F02C78 /* WeatherOverviewViewModel.swift */; };
		72769EE22808809E00F02C78 /* WeatherOverviewViewCoordinator.swift in Sources */ = {isa = PBXBuildFile; fileRef = 72769EE12808809E00F02C78 /* WeatherOverviewViewCoordinator.swift */; };
		72769EE52808824500F02C78 /* DailyWeatherDataManager.swift in Sources */ = {isa = PBXBuildFile; fileRef = 72769EE42808824500F02C78 /* DailyWeatherDataManager.swift */; };
		72769EE72808825600F02C78 /* Injector.swift in Sources */ = {isa = PBXBuildFile; fileRef = 72769EE62808825600F02C78 /* Injector.swift */; };
		72769EEC2808833F00F02C78 /* AnyWeakHashedWrapper.swift in Sources */ = {isa = PBXBuildFile; fileRef = 72769EEB2808833F00F02C78 /* AnyWeakHashedWrapper.swift */; };
		72769EEE2808835F00F02C78 /* UIntExtensions.swift in Sources */ = {isa = PBXBuildFile; fileRef = 72769EED2808835F00F02C78 /* UIntExtensions.swift */; };
		72769EF12808838400F02C78 /* Listenable.swift in Sources */ = {isa = PBXBuildFile; fileRef = 72769EF02808838400F02C78 /* Listenable.swift */; };
		72769EF42808840C00F02C78 /* DayWeather.swift in Sources */ = {isa = PBXBuildFile; fileRef = 72769EF32808840C00F02C78 /* DayWeather.swift */; };
		72769EF62808841700F02C78 /* HourWeather.swift in Sources */ = {isa = PBXBuildFile; fileRef = 72769EF52808841700F02C78 /* HourWeather.swift */; };
		72769EF82808846C00F02C78 /* WeatherType.swift in Sources */ = {isa = PBXBuildFile; fileRef = 72769EF72808846C00F02C78 /* WeatherType.swift */; };
		72769EFA2808A9AA00F02C78 /* WeatherLocation.swift in Sources */ = {isa = PBXBuildFile; fileRef = 72769EF92808A9AA00F02C78 /* WeatherLocation.swift */; };
		72769EFC2808AFEB00F02C78 /* DateExtensions.swift in Sources */ = {isa = PBXBuildFile; fileRef = 72769EFB2808AFEB00F02C78 /* DateExtensions.swift */; };
		72769EFE2808B24A00F02C78 /* ServerAPIManager.swift in Sources */ = {isa = PBXBuildFile; fileRef = 72769EFD2808B24A00F02C78 /* ServerAPIManager.swift */; };
		72769F002808B5A400F02C78 /* FixedWidthIntegerExtensions.swift in Sources */ = {isa = PBXBuildFile; fileRef = 72769EFF2808B5A400F02C78 /* FixedWidthIntegerExtensions.swift */; };
		72769F022808B6F200F02C78 /* DailyWeatherContext.swift in Sources */ = {isa = PBXBuildFile; fileRef = 72769F012808B6F200F02C78 /* DailyWeatherContext.swift */; };
		72769F042808B78E00F02C78 /* WeakWrapper.swift in Sources */ = {isa = PBXBuildFile; fileRef = 72769F032808B78E00F02C78 /* WeakWrapper.swift */; };
		72769F072808C0C500F02C78 /* DataConstants.swift in Sources */ = {isa = PBXBuildFile; fileRef = 72769F062808C0C500F02C78 /* DataConstants.swift */; };
		72769F0B2808C16E00F02C78 /* DayWeatherSmallView.swift in Sources */ = {isa = PBXBuildFile; fileRef = 72769F0A2808C16E00F02C78 /* DayWeatherSmallView.swift */; };
		72769F0D2808C18400F02C78 /* DayWeatherLargeView.swift in Sources */ = {isa = PBXBuildFile; fileRef = 72769F0C2808C18400F02C78 /* DayWeatherLargeView.swift */; };
		72769F102808C20900F02C78 /* ViewFactory.swift in Sources */ = {isa = PBXBuildFile; fileRef = 72769F0F2808C20900F02C78 /* ViewFactory.swift */; };
		72769F122808C22A00F02C78 /* LayoutConstants.swift in Sources */ = {isa = PBXBuildFile; fileRef = 72769F112808C22A00F02C78 /* LayoutConstants.swift */; };
		72769F142808C27400F02C78 /* ColorConstants.swift in Sources */ = {isa = PBXBuildFile; fileRef = 72769F132808C27400F02C78 /* ColorConstants.swift */; };
		72769F162808C53000F02C78 /* MeasurementFormatterConstants.swift in Sources */ = {isa = PBXBuildFile; fileRef = 72769F152808C53000F02C78 /* MeasurementFormatterConstants.swift */; };
		72769F192808C5D800F02C78 /* WeatherTypeExtensions.swift in Sources */ = {isa = PBXBuildFile; fileRef = 72769F182808C5D800F02C78 /* WeatherTypeExtensions.swift */; };
		72769F1B2808C8B100F02C78 /* UILayoutPriorityExtensions.swift in Sources */ = {isa = PBXBuildFile; fileRef = 72769F1A2808C8B100F02C78 /* UILayoutPriorityExtensions.swift */; };
		72769F1D28098BA700F02C78 /* DateFormatterConstants.swift in Sources */ = {isa = PBXBuildFile; fileRef = 72769F1C28098BA700F02C78 /* DateFormatterConstants.swift */; };
		72769F1F28098E8F00F02C78 /* DayWeatherView.swift in Sources */ = {isa = PBXBuildFile; fileRef = 72769F1E28098E8F00F02C78 /* DayWeatherView.swift */; };
		7279882628099F8A00A762F0 /* UIFontConstants.swift in Sources */ = {isa = PBXBuildFile; fileRef = 7279882528099F8A00A762F0 /* UIFontConstants.swift */; };
		7279882A2809AF7E00A762F0 /* Model.xcdatamodeld in Sources */ = {isa = PBXBuildFile; fileRef = 727988282809AF7E00A762F0 /* Model.xcdatamodeld */; };
		7279884A2809BA8E00A762F0 /* StorageManager.swift in Sources */ = {isa = PBXBuildFile; fileRef = 727988492809BA8E00A762F0 /* StorageManager.swift */; };
		7279884E2809BFE700A762F0 /* DayWeatherEntityExtensions.swift in Sources */ = {isa = PBXBuildFile; fileRef = 7279884D2809BFE700A762F0 /* DayWeatherEntityExtensions.swift */; };
		727988502809CA6000A762F0 /* WeatherLocationEntityExtensions.swift in Sources */ = {isa = PBXBuildFile; fileRef = 7279884F2809CA6000A762F0 /* WeatherLocationEntityExtensions.swift */; };
		72D7AE6B2809E99000F8806E /* WeatherDetailsViewController.swift in Sources */ = {isa = PBXBuildFile; fileRef = 72D7AE6A2809E99000F8806E /* WeatherDetailsViewController.swift */; };
		72D7AE6D2809EA9300F8806E /* WeatherDetailsViewModel.swift in Sources */ = {isa = PBXBuildFile; fileRef = 72D7AE6C2809EA9300F8806E /* WeatherDetailsViewModel.swift */; };
		72D7AE6F2809EA9E00F8806E /* WeatherDetailsViewCoordinator.swift in Sources */ = {isa = PBXBuildFile; fileRef = 72D7AE6E2809EA9E00F8806E /* WeatherDetailsViewCoordinator.swift */; };
		72D7AE71280A0C9C00F8806E /* HourlyWeatherDataManager.swift in Sources */ = {isa = PBXBuildFile; fileRef = 72D7AE70280A0C9C00F8806E /* HourlyWeatherDataManager.swift */; };
		72D7AE73280A0F7000F8806E /* HourWeatherEntityExtensions.swift in Sources */ = {isa = PBXBuildFile; fileRef = 72D7AE72280A0F7000F8806E /* HourWeatherEntityExtensions.swift */; };
		72D7AE75280A133A00F8806E /* HourlyWeatherContext.swift in Sources */ = {isa = PBXBuildFile; fileRef = 72D7AE74280A133A00F8806E /* HourlyWeatherContext.swift */; };
		72D7AE77280AB82500F8806E /* FontSizeConstants.swift in Sources */ = {isa = PBXBuildFile; fileRef = 72D7AE76280AB82500F8806E /* FontSizeConstants.swift */; };
		72D7AE7A280AB8D400F8806E /* DateFormatterFactory.swift in Sources */ = {isa = PBXBuildFile; fileRef = 72D7AE79280AB8D400F8806E /* DateFormatterFactory.swift */; };
		72D7AE7C280B0EBF00F8806E /* SequenceExtensions.swift in Sources */ = {isa = PBXBuildFile; fileRef = 72D7AE7B280B0EBF00F8806E /* SequenceExtensions.swift */; };
		72D7AE7E280B177000F8806E /* MeasurementFormatterExtensions.swift in Sources */ = {isa = PBXBuildFile; fileRef = 72D7AE7D280B177000F8806E /* MeasurementFormatterExtensions.swift */; };
		72D7AE82280C3D9700F8806E /* LocationViewController.swift in Sources */ = {isa = PBXBuildFile; fileRef = 72D7AE81280C3D9700F8806E /* LocationViewController.swift */; };
		72D7AE84280C3D9E00F8806E /* LocationViewModel.swift in Sources */ = {isa = PBXBuildFile; fileRef = 72D7AE83280C3D9E00F8806E /* LocationViewModel.swift */; };
		72D7AE86280C3DA800F8806E /* LocationViewCoordinator.swift in Sources */ = {isa = PBXBuildFile; fileRef = 72D7AE85280C3DA800F8806E /* LocationViewCoordinator.swift */; };
		72D7AE88280C6D5400F8806E /* SettingsManager.swift in Sources */ = {isa = PBXBuildFile; fileRef = 72D7AE87280C6D5400F8806E /* SettingsManager.swift */; };
		72D7AE8A280C6EB600F8806E /* UserDefaultsKey.swift in Sources */ = {isa = PBXBuildFile; fileRef = 72D7AE89280C6EB600F8806E /* UserDefaultsKey.swift */; };
		72D7AE8C280C6F0800F8806E /* UserDefaultsExtensions.swift in Sources */ = {isa = PBXBuildFile; fileRef = 72D7AE8B280C6F0800F8806E /* UserDefaultsExtensions.swift */; };
		72F0A856280868D700972059 /* AppDelegate.swift in Sources */ = {isa = PBXBuildFile; fileRef = 72F0A855280868D700972059 /* AppDelegate.swift */; };
		72F0A858280868D700972059 /* SceneDelegate.swift in Sources */ = {isa = PBXBuildFile; fileRef = 72F0A857280868D700972059 /* SceneDelegate.swift */; };
		72F0A85A280868D700972059 /* WeatherOverviewViewController.swift in Sources */ = {isa = PBXBuildFile; fileRef = 72F0A859280868D700972059 /* WeatherOverviewViewController.swift */; };
		72F0A85F280868D900972059 /* Assets.xcassets in Resources */ = {isa = PBXBuildFile; fileRef = 72F0A85E280868D900972059 /* Assets.xcassets */; };
		72F0A862280868D900972059 /* LaunchScreen.storyboard in Resources */ = {isa = PBXBuildFile; fileRef = 72F0A860280868D900972059 /* LaunchScreen.storyboard */; };
/* End PBXBuildFile section */

/* Begin PBXFileReference section */
		72769EDF2808803800F02C78 /* WeatherOverviewViewModel.swift */ = {isa = PBXFileReference; lastKnownFileType = sourcecode.swift; path = WeatherOverviewViewModel.swift; sourceTree = "<group>"; };
		72769EE12808809E00F02C78 /* WeatherOverviewViewCoordinator.swift */ = {isa = PBXFileReference; lastKnownFileType = sourcecode.swift; path = WeatherOverviewViewCoordinator.swift; sourceTree = "<group>"; };
		72769EE42808824500F02C78 /* DailyWeatherDataManager.swift */ = {isa = PBXFileReference; lastKnownFileType = sourcecode.swift; path = DailyWeatherDataManager.swift; sourceTree = "<group>"; };
		72769EE62808825600F02C78 /* Injector.swift */ = {isa = PBXFileReference; lastKnownFileType = sourcecode.swift; path = Injector.swift; sourceTree = "<group>"; };
		72769EEB2808833F00F02C78 /* AnyWeakHashedWrapper.swift */ = {isa = PBXFileReference; fileEncoding = 4; lastKnownFileType = sourcecode.swift; path = AnyWeakHashedWrapper.swift; sourceTree = "<group>"; };
		72769EED2808835F00F02C78 /* UIntExtensions.swift */ = {isa = PBXFileReference; fileEncoding = 4; lastKnownFileType = sourcecode.swift; path = UIntExtensions.swift; sourceTree = "<group>"; };
		72769EF02808838400F02C78 /* Listenable.swift */ = {isa = PBXFileReference; fileEncoding = 4; lastKnownFileType = sourcecode.swift; path = Listenable.swift; sourceTree = "<group>"; };
		72769EF32808840C00F02C78 /* DayWeather.swift */ = {isa = PBXFileReference; lastKnownFileType = sourcecode.swift; path = DayWeather.swift; sourceTree = "<group>"; };
		72769EF52808841700F02C78 /* HourWeather.swift */ = {isa = PBXFileReference; lastKnownFileType = sourcecode.swift; path = HourWeather.swift; sourceTree = "<group>"; };
		72769EF72808846C00F02C78 /* WeatherType.swift */ = {isa = PBXFileReference; lastKnownFileType = sourcecode.swift; path = WeatherType.swift; sourceTree = "<group>"; };
		72769EF92808A9AA00F02C78 /* WeatherLocation.swift */ = {isa = PBXFileReference; lastKnownFileType = sourcecode.swift; path = WeatherLocation.swift; sourceTree = "<group>"; };
		72769EFB2808AFEB00F02C78 /* DateExtensions.swift */ = {isa = PBXFileReference; lastKnownFileType = sourcecode.swift; path = DateExtensions.swift; sourceTree = "<group>"; };
		72769EFD2808B24A00F02C78 /* ServerAPIManager.swift */ = {isa = PBXFileReference; lastKnownFileType = sourcecode.swift; path = ServerAPIManager.swift; sourceTree = "<group>"; };
		72769EFF2808B5A400F02C78 /* FixedWidthIntegerExtensions.swift */ = {isa = PBXFileReference; fileEncoding = 4; lastKnownFileType = sourcecode.swift; path = FixedWidthIntegerExtensions.swift; sourceTree = "<group>"; };
		72769F012808B6F200F02C78 /* DailyWeatherContext.swift */ = {isa = PBXFileReference; lastKnownFileType = sourcecode.swift; path = DailyWeatherContext.swift; sourceTree = "<group>"; };
		72769F032808B78E00F02C78 /* WeakWrapper.swift */ = {isa = PBXFileReference; fileEncoding = 4; lastKnownFileType = sourcecode.swift; path = WeakWrapper.swift; sourceTree = "<group>"; };
		72769F062808C0C500F02C78 /* DataConstants.swift */ = {isa = PBXFileReference; lastKnownFileType = sourcecode.swift; path = DataConstants.swift; sourceTree = "<group>"; };
		72769F0A2808C16E00F02C78 /* DayWeatherSmallView.swift */ = {isa = PBXFileReference; lastKnownFileType = sourcecode.swift; path = DayWeatherSmallView.swift; sourceTree = "<group>"; };
		72769F0C2808C18400F02C78 /* DayWeatherLargeView.swift */ = {isa = PBXFileReference; lastKnownFileType = sourcecode.swift; path = DayWeatherLargeView.swift; sourceTree = "<group>"; };
		72769F0F2808C20900F02C78 /* ViewFactory.swift */ = {isa = PBXFileReference; lastKnownFileType = sourcecode.swift; path = ViewFactory.swift; sourceTree = "<group>"; };
		72769F112808C22A00F02C78 /* LayoutConstants.swift */ = {isa = PBXFileReference; lastKnownFileType = sourcecode.swift; path = LayoutConstants.swift; sourceTree = "<group>"; };
		72769F132808C27400F02C78 /* ColorConstants.swift */ = {isa = PBXFileReference; lastKnownFileType = sourcecode.swift; path = ColorConstants.swift; sourceTree = "<group>"; };
		72769F152808C53000F02C78 /* MeasurementFormatterConstants.swift */ = {isa = PBXFileReference; lastKnownFileType = sourcecode.swift; path = MeasurementFormatterConstants.swift; sourceTree = "<group>"; };
		72769F182808C5D800F02C78 /* WeatherTypeExtensions.swift */ = {isa = PBXFileReference; lastKnownFileType = sourcecode.swift; path = WeatherTypeExtensions.swift; sourceTree = "<group>"; };
		72769F1A2808C8B100F02C78 /* UILayoutPriorityExtensions.swift */ = {isa = PBXFileReference; lastKnownFileType = sourcecode.swift; path = UILayoutPriorityExtensions.swift; sourceTree = "<group>"; };
		72769F1C28098BA700F02C78 /* DateFormatterConstants.swift */ = {isa = PBXFileReference; lastKnownFileType = sourcecode.swift; path = DateFormatterConstants.swift; sourceTree = "<group>"; };
		72769F1E28098E8F00F02C78 /* DayWeatherView.swift */ = {isa = PBXFileReference; lastKnownFileType = sourcecode.swift; path = DayWeatherView.swift; sourceTree = "<group>"; };
		7279882528099F8A00A762F0 /* UIFontConstants.swift */ = {isa = PBXFileReference; lastKnownFileType = sourcecode.swift; path = UIFontConstants.swift; sourceTree = "<group>"; };
		727988292809AF7E00A762F0 /* Model.xcdatamodel */ = {isa = PBXFileReference; lastKnownFileType = wrapper.xcdatamodel; path = Model.xcdatamodel; sourceTree = "<group>"; };
		727988492809BA8E00A762F0 /* StorageManager.swift */ = {isa = PBXFileReference; lastKnownFileType = sourcecode.swift; path = StorageManager.swift; sourceTree = "<group>"; };
		7279884D2809BFE700A762F0 /* DayWeatherEntityExtensions.swift */ = {isa = PBXFileReference; lastKnownFileType = sourcecode.swift; path = DayWeatherEntityExtensions.swift; sourceTree = "<group>"; };
		7279884F2809CA6000A762F0 /* WeatherLocationEntityExtensions.swift */ = {isa = PBXFileReference; lastKnownFileType = sourcecode.swift; path = WeatherLocationEntityExtensions.swift; sourceTree = "<group>"; };
		72D7AE6A2809E99000F8806E /* WeatherDetailsViewController.swift */ = {isa = PBXFileReference; lastKnownFileType = sourcecode.swift; path = WeatherDetailsViewController.swift; sourceTree = "<group>"; };
		72D7AE6C2809EA9300F8806E /* WeatherDetailsViewModel.swift */ = {isa = PBXFileReference; lastKnownFileType = sourcecode.swift; path = WeatherDetailsViewModel.swift; sourceTree = "<group>"; };
		72D7AE6E2809EA9E00F8806E /* WeatherDetailsViewCoordinator.swift */ = {isa = PBXFileReference; lastKnownFileType = sourcecode.swift; path = WeatherDetailsViewCoordinator.swift; sourceTree = "<group>"; };
		72D7AE70280A0C9C00F8806E /* HourlyWeatherDataManager.swift */ = {isa = PBXFileReference; lastKnownFileType = sourcecode.swift; path = HourlyWeatherDataManager.swift; sourceTree = "<group>"; };
		72D7AE72280A0F7000F8806E /* HourWeatherEntityExtensions.swift */ = {isa = PBXFileReference; lastKnownFileType = sourcecode.swift; path = HourWeatherEntityExtensions.swift; sourceTree = "<group>"; };
		72D7AE74280A133A00F8806E /* HourlyWeatherContext.swift */ = {isa = PBXFileReference; lastKnownFileType = sourcecode.swift; path = HourlyWeatherContext.swift; sourceTree = "<group>"; };
		72D7AE76280AB82500F8806E /* FontSizeConstants.swift */ = {isa = PBXFileReference; lastKnownFileType = sourcecode.swift; path = FontSizeConstants.swift; sourceTree = "<group>"; };
		72D7AE79280AB8D400F8806E /* DateFormatterFactory.swift */ = {isa = PBXFileReference; lastKnownFileType = sourcecode.swift; path = DateFormatterFactory.swift; sourceTree = "<group>"; };
		72D7AE7B280B0EBF00F8806E /* SequenceExtensions.swift */ = {isa = PBXFileReference; lastKnownFileType = sourcecode.swift; path = SequenceExtensions.swift; sourceTree = "<group>"; };
		72D7AE7D280B177000F8806E /* MeasurementFormatterExtensions.swift */ = {isa = PBXFileReference; lastKnownFileType = sourcecode.swift; path = MeasurementFormatterExtensions.swift; sourceTree = "<group>"; };
		72D7AE81280C3D9700F8806E /* LocationViewController.swift */ = {isa = PBXFileReference; lastKnownFileType = sourcecode.swift; path = LocationViewController.swift; sourceTree = "<group>"; };
		72D7AE83280C3D9E00F8806E /* LocationViewModel.swift */ = {isa = PBXFileReference; lastKnownFileType = sourcecode.swift; path = LocationViewModel.swift; sourceTree = "<group>"; };
		72D7AE85280C3DA800F8806E /* LocationViewCoordinator.swift */ = {isa = PBXFileReference; lastKnownFileType = sourcecode.swift; path = LocationViewCoordinator.swift; sourceTree = "<group>"; };
		72D7AE87280C6D5400F8806E /* SettingsManager.swift */ = {isa = PBXFileReference; lastKnownFileType = sourcecode.swift; path = SettingsManager.swift; sourceTree = "<group>"; };
		72D7AE89280C6EB600F8806E /* UserDefaultsKey.swift */ = {isa = PBXFileReference; lastKnownFileType = sourcecode.swift; path = UserDefaultsKey.swift; sourceTree = "<group>"; };
		72D7AE8B280C6F0800F8806E /* UserDefaultsExtensions.swift */ = {isa = PBXFileReference; lastKnownFileType = sourcecode.swift; path = UserDefaultsExtensions.swift; sourceTree = "<group>"; };
		72F0A852280868D700972059 /* WeatherApp.app */ = {isa = PBXFileReference; explicitFileType = wrapper.application; includeInIndex = 0; path = WeatherApp.app; sourceTree = BUILT_PRODUCTS_DIR; };
		72F0A855280868D700972059 /* AppDelegate.swift */ = {isa = PBXFileReference; lastKnownFileType = sourcecode.swift; path = AppDelegate.swift; sourceTree = "<group>"; };
		72F0A857280868D700972059 /* SceneDelegate.swift */ = {isa = PBXFileReference; lastKnownFileType = sourcecode.swift; path = SceneDelegate.swift; sourceTree = "<group>"; };
		72F0A859280868D700972059 /* WeatherOverviewViewController.swift */ = {isa = PBXFileReference; lastKnownFileType = sourcecode.swift; path = WeatherOverviewViewController.swift; sourceTree = "<group>"; };
		72F0A85E280868D900972059 /* Assets.xcassets */ = {isa = PBXFileReference; lastKnownFileType = folder.assetcatalog; path = Assets.xcassets; sourceTree = "<group>"; };
		72F0A861280868D900972059 /* Base */ = {isa = PBXFileReference; lastKnownFileType = file.storyboard; name = Base; path = Base.lproj/LaunchScreen.storyboard; sourceTree = "<group>"; };
		72F0A863280868D900972059 /* Info.plist */ = {isa = PBXFileReference; lastKnownFileType = text.plist.xml; path = Info.plist; sourceTree = "<group>"; };
/* End PBXFileReference section */

/* Begin PBXFrameworksBuildPhase section */
		72F0A84F280868D700972059 /* Frameworks */ = {
			isa = PBXFrameworksBuildPhase;
			buildActionMask = 2147483647;
			files = (
			);
			runOnlyForDeploymentPostprocessing = 0;
		};
/* End PBXFrameworksBuildPhase section */

/* Begin PBXGroup section */
		72769EE32808823600F02C78 /* Model */ = {
			isa = PBXGroup;
			children = (
				72769EF32808840C00F02C78 /* DayWeather.swift */,
				72769EF52808841700F02C78 /* HourWeather.swift */,
				72769EF72808846C00F02C78 /* WeatherType.swift */,
				72769EF92808A9AA00F02C78 /* WeatherLocation.swift */,
				72769F012808B6F200F02C78 /* DailyWeatherContext.swift */,
				72D7AE74280A133A00F8806E /* HourlyWeatherContext.swift */,
			);
			path = Model;
			sourceTree = "<group>";
		};
		72769EE82808830300F02C78 /* Utils */ = {
			isa = PBXGroup;
			children = (
				72769EEF2808836200F02C78 /* Extensions */,
				72769EEB2808833F00F02C78 /* AnyWeakHashedWrapper.swift */,
				72769F032808B78E00F02C78 /* WeakWrapper.swift */,
				72769EF02808838400F02C78 /* Listenable.swift */,
			);
			path = Utils;
			sourceTree = "<group>";
		};
		72769EEF2808836200F02C78 /* Extensions */ = {
			isa = PBXGroup;
			children = (
				72769EED2808835F00F02C78 /* UIntExtensions.swift */,
				72769EFB2808AFEB00F02C78 /* DateExtensions.swift */,
				72769EFF2808B5A400F02C78 /* FixedWidthIntegerExtensions.swift */,
				72D7AE7B280B0EBF00F8806E /* SequenceExtensions.swift */,
				72D7AE7D280B177000F8806E /* MeasurementFormatterExtensions.swift */,
				72D7AE8B280C6F0800F8806E /* UserDefaultsExtensions.swift */,
			);
			path = Extensions;
			sourceTree = "<group>";
		};
		72769EF2280883E900F02C78 /* Managers */ = {
			isa = PBXGroup;
			children = (
				72769EE62808825600F02C78 /* Injector.swift */,
				727988492809BA8E00A762F0 /* StorageManager.swift */,
				72769EE42808824500F02C78 /* DailyWeatherDataManager.swift */,
				72D7AE70280A0C9C00F8806E /* HourlyWeatherDataManager.swift */,
				72769EFD2808B24A00F02C78 /* ServerAPIManager.swift */,
				72D7AE87280C6D5400F8806E /* SettingsManager.swift */,
			);
			path = Managers;
			sourceTree = "<group>";
		};
		72769F052808C0A400F02C78 /* Constants */ = {
			isa = PBXGroup;
			children = (
				72769F062808C0C500F02C78 /* DataConstants.swift */,
				72769F112808C22A00F02C78 /* LayoutConstants.swift */,
				72769F132808C27400F02C78 /* ColorConstants.swift */,
				72769F152808C53000F02C78 /* MeasurementFormatterConstants.swift */,
				72769F1C28098BA700F02C78 /* DateFormatterConstants.swift */,
				7279882528099F8A00A762F0 /* UIFontConstants.swift */,
				72D7AE76280AB82500F8806E /* FontSizeConstants.swift */,
				72D7AE89280C6EB600F8806E /* UserDefaultsKey.swift */,
			);
			path = Constants;
			sourceTree = "<group>";
		};
		72769F082808C14E00F02C78 /* WeatherOverview */ = {
			isa = PBXGroup;
			children = (
				72F0A859280868D700972059 /* WeatherOverviewViewController.swift */,
				72769EDF2808803800F02C78 /* WeatherOverviewViewModel.swift */,
				72769EE12808809E00F02C78 /* WeatherOverviewViewCoordinator.swift */,
			);
			path = WeatherOverview;
			sourceTree = "<group>";
		};
		72769F092808C16000F02C78 /* Components */ = {
			isa = PBXGroup;
			children = (
				72769F0A2808C16E00F02C78 /* DayWeatherSmallView.swift */,
				72769F0C2808C18400F02C78 /* DayWeatherLargeView.swift */,
				72769F1E28098E8F00F02C78 /* DayWeatherView.swift */,
			);
			path = Components;
			sourceTree = "<group>";
		};
		72769F0E2808C1FE00F02C78 /* Factories */ = {
			isa = PBXGroup;
			children = (
				72769F0F2808C20900F02C78 /* ViewFactory.swift */,
			);
			path = Factories;
			sourceTree = "<group>";
		};
		72769F172808C5B800F02C78 /* Extensions */ = {
			isa = PBXGroup;
			children = (
				72769F182808C5D800F02C78 /* WeatherTypeExtensions.swift */,
				72769F1A2808C8B100F02C78 /* UILayoutPriorityExtensions.swift */,
			);
			path = Extensions;
			sourceTree = "<group>";
		};
		727988272809AF6400A762F0 /* Storage */ = {
			isa = PBXGroup;
			children = (
				727988282809AF7E00A762F0 /* Model.xcdatamodeld */,
				72D7AE72280A0F7000F8806E /* HourWeatherEntityExtensions.swift */,
				7279884D2809BFE700A762F0 /* DayWeatherEntityExtensions.swift */,
				7279884F2809CA6000A762F0 /* WeatherLocationEntityExtensions.swift */,
			);
			path = Storage;
			sourceTree = "<group>";
		};
		72D7AE692809E96E00F8806E /* WeatherDetails */ = {
			isa = PBXGroup;
			children = (
				72D7AE6A2809E99000F8806E /* WeatherDetailsViewController.swift */,
				72D7AE6C2809EA9300F8806E /* WeatherDetailsViewModel.swift */,
				72D7AE6E2809EA9E00F8806E /* WeatherDetailsViewCoordinator.swift */,
			);
			path = WeatherDetails;
			sourceTree = "<group>";
		};
		72D7AE78280AB8C900F8806E /* Factories */ = {
			isa = PBXGroup;
			children = (
				72D7AE79280AB8D400F8806E /* DateFormatterFactory.swift */,
			);
			path = Factories;
			sourceTree = "<group>";
		};
		72D7AE7F280C3D8100F8806E /* Screens */ = {
			isa = PBXGroup;
			children = (
				72D7AE80280C3D8A00F8806E /* Location */,
				72769F082808C14E00F02C78 /* WeatherOverview */,
				72D7AE692809E96E00F8806E /* WeatherDetails */,
			);
			path = Screens;
			sourceTree = "<group>";
		};
		72D7AE80280C3D8A00F8806E /* Location */ = {
			isa = PBXGroup;
			children = (
				72D7AE81280C3D9700F8806E /* LocationViewController.swift */,
				72D7AE83280C3D9E00F8806E /* LocationViewModel.swift */,
				72D7AE85280C3DA800F8806E /* LocationViewCoordinator.swift */,
			);
			path = Location;
			sourceTree = "<group>";
		};
		72F0A849280868D700972059 = {
			isa = PBXGroup;
			children = (
				72F0A854280868D700972059 /* WeatherApp */,
				72F0A853280868D700972059 /* Products */,
			);
			sourceTree = "<group>";
		};
		72F0A853280868D700972059 /* Products */ = {
			isa = PBXGroup;
			children = (
				72F0A852280868D700972059 /* WeatherApp.app */,
			);
			name = Products;
			sourceTree = "<group>";
		};
		72F0A854280868D700972059 /* WeatherApp */ = {
			isa = PBXGroup;
			children = (
				72D7AE78280AB8C900F8806E /* Factories */,
				727988272809AF6400A762F0 /* Storage */,
				72769F052808C0A400F02C78 /* Constants */,
				72769EF2280883E900F02C78 /* Managers */,
				72769EE82808830300F02C78 /* Utils */,
				72769EE32808823600F02C78 /* Model */,
				72F0A89328087F0500972059 /* UI */,
				72F0A855280868D700972059 /* AppDelegate.swift */,
				72F0A857280868D700972059 /* SceneDelegate.swift */,
				72F0A85E280868D900972059 /* Assets.xcassets */,
				72F0A860280868D900972059 /* LaunchScreen.storyboard */,
				72F0A863280868D900972059 /* Info.plist */,
			);
			path = WeatherApp;
			sourceTree = "<group>";
		};
		72F0A89328087F0500972059 /* UI */ = {
			isa = PBXGroup;
			children = (
				72D7AE7F280C3D8100F8806E /* Screens */,
				72769F172808C5B800F02C78 /* Extensions */,
				72769F0E2808C1FE00F02C78 /* Factories */,
				72769F092808C16000F02C78 /* Components */,
			);
			path = UI;
			sourceTree = "<group>";
		};
/* End PBXGroup section */

/* Begin PBXNativeTarget section */
		72F0A851280868D700972059 /* WeatherApp */ = {
			isa = PBXNativeTarget;
			buildConfigurationList = 72F0A866280868D900972059 /* Build configuration list for PBXNativeTarget "WeatherApp" */;
			buildPhases = (
				72F0A84E280868D700972059 /* Sources */,
				72F0A84F280868D700972059 /* Frameworks */,
				72F0A850280868D700972059 /* Resources */,
			);
			buildRules = (
			);
			dependencies = (
			);
			name = WeatherApp;
			productName = WeatherApp;
			productReference = 72F0A852280868D700972059 /* WeatherApp.app */;
			productType = "com.apple.product-type.application";
		};
/* End PBXNativeTarget section */

/* Begin PBXProject section */
		72F0A84A280868D700972059 /* Project object */ = {
			isa = PBXProject;
			attributes = {
				BuildIndependentTargetsInParallel = 1;
				LastSwiftUpdateCheck = 1330;
				LastUpgradeCheck = 1330;
				TargetAttributes = {
					72F0A851280868D700972059 = {
						CreatedOnToolsVersion = 13.3;
					};
				};
			};
			buildConfigurationList = 72F0A84D280868D700972059 /* Build configuration list for PBXProject "WeatherApp" */;
			compatibilityVersion = "Xcode 13.0";
			developmentRegion = en;
			hasScannedForEncodings = 0;
			knownRegions = (
				en,
				Base,
			);
			mainGroup = 72F0A849280868D700972059;
			productRefGroup = 72F0A853280868D700972059 /* Products */;
			projectDirPath = "";
			projectRoot = "";
			targets = (
				72F0A851280868D700972059 /* WeatherApp */,
			);
		};
/* End PBXProject section */

/* Begin PBXResourcesBuildPhase section */
		72F0A850280868D700972059 /* Resources */ = {
			isa = PBXResourcesBuildPhase;
			buildActionMask = 2147483647;
			files = (
				72F0A862280868D900972059 /* LaunchScreen.storyboard in Resources */,
				72F0A85F280868D900972059 /* Assets.xcassets in Resources */,
			);
			runOnlyForDeploymentPostprocessing = 0;
		};
/* End PBXResourcesBuildPhase section */

/* Begin PBXSourcesBuildPhase section */
		72F0A84E280868D700972059 /* Sources */ = {
			isa = PBXSourcesBuildPhase;
			buildActionMask = 2147483647;
			files = (
				72769EE52808824500F02C78 /* DailyWeatherDataManager.swift in Sources */,
				72D7AE77280AB82500F8806E /* FontSizeConstants.swift in Sources */,
				7279882628099F8A00A762F0 /* UIFontConstants.swift in Sources */,
				72769EFA2808A9AA00F02C78 /* WeatherLocation.swift in Sources */,
				72769EE02808803800F02C78 /* WeatherOverviewViewModel.swift in Sources */,
				72769F1B2808C8B100F02C78 /* UILayoutPriorityExtensions.swift in Sources */,
				72769EF62808841700F02C78 /* HourWeather.swift in Sources */,
				72769F022808B6F200F02C78 /* DailyWeatherContext.swift in Sources */,
				72769F122808C22A00F02C78 /* LayoutConstants.swift in Sources */,
				72769F072808C0C500F02C78 /* DataConstants.swift in Sources */,
				72D7AE88280C6D5400F8806E /* SettingsManager.swift in Sources */,
				72D7AE8C280C6F0800F8806E /* UserDefaultsExtensions.swift in Sources */,
				72D7AE6F2809EA9E00F8806E /* WeatherDetailsViewCoordinator.swift in Sources */,
				72769EE22808809E00F02C78 /* WeatherOverviewViewCoordinator.swift in Sources */,
				72769F192808C5D800F02C78 /* WeatherTypeExtensions.swift in Sources */,
				72769F1F28098E8F00F02C78 /* DayWeatherView.swift in Sources */,
				72769F042808B78E00F02C78 /* WeakWrapper.swift in Sources */,
				72769F0B2808C16E00F02C78 /* DayWeatherSmallView.swift in Sources */,
				72D7AE6B2809E99000F8806E /* WeatherDetailsViewController.swift in Sources */,
				72F0A85A280868D700972059 /* WeatherOverviewViewController.swift in Sources */,
				72F0A856280868D700972059 /* AppDelegate.swift in Sources */,
				72769EEE2808835F00F02C78 /* UIntExtensions.swift in Sources */,
				72769F162808C53000F02C78 /* MeasurementFormatterConstants.swift in Sources */,
				72769F142808C27400F02C78 /* ColorConstants.swift in Sources */,
				7279884E2809BFE700A762F0 /* DayWeatherEntityExtensions.swift in Sources */,
				72769EF12808838400F02C78 /* Listenable.swift in Sources */,
				727988502809CA6000A762F0 /* WeatherLocationEntityExtensions.swift in Sources */,
				72D7AE7E280B177000F8806E /* MeasurementFormatterExtensions.swift in Sources */,
				72D7AE6D2809EA9300F8806E /* WeatherDetailsViewModel.swift in Sources */,
				72D7AE84280C3D9E00F8806E /* LocationViewModel.swift in Sources */,
				72769EE72808825600F02C78 /* Injector.swift in Sources */,
				72769F102808C20900F02C78 /* ViewFactory.swift in Sources */,
				72D7AE7C280B0EBF00F8806E /* SequenceExtensions.swift in Sources */,
				72F0A858280868D700972059 /* SceneDelegate.swift in Sources */,
				72D7AE86280C3DA800F8806E /* LocationViewCoordinator.swift in Sources */,
				72D7AE8A280C6EB600F8806E /* UserDefaultsKey.swift in Sources */,
				7279884A2809BA8E00A762F0 /* StorageManager.swift in Sources */,
				72769EFC2808AFEB00F02C78 /* DateExtensions.swift in Sources */,
				72D7AE71280A0C9C00F8806E /* HourlyWeatherDataManager.swift in Sources */,
				72D7AE7A280AB8D400F8806E /* DateFormatterFactory.swift in Sources */,
				72D7AE82280C3D9700F8806E /* LocationViewController.swift in Sources */,
				72769EF82808846C00F02C78 /* WeatherType.swift in Sources */,
				72769EFE2808B24A00F02C78 /* ServerAPIManager.swift in Sources */,
				72769F0D2808C18400F02C78 /* DayWeatherLargeView.swift in Sources */,
				7279882A2809AF7E00A762F0 /* Model.xcdatamodeld in Sources */,
				72D7AE75280A133A00F8806E /* HourlyWeatherContext.swift in Sources */,
				72769F002808B5A400F02C78 /* FixedWidthIntegerExtensions.swift in Sources */,
				72D7AE73280A0F7000F8806E /* HourWeatherEntityExtensions.swift in Sources */,
				72769EF42808840C00F02C78 /* DayWeather.swift in Sources */,
				72769EEC2808833F00F02C78 /* AnyWeakHashedWrapper.swift in Sources */,
				72769F1D28098BA700F02C78 /* DateFormatterConstants.swift in Sources */,
			);
			runOnlyForDeploymentPostprocessing = 0;
		};
/* End PBXSourcesBuildPhase section */

/* Begin PBXVariantGroup section */
		72F0A860280868D900972059 /* LaunchScreen.storyboard */ = {
			isa = PBXVariantGroup;
			children = (
				72F0A861280868D900972059 /* Base */,
			);
			name = LaunchScreen.storyboard;
			sourceTree = "<group>";
		};
/* End PBXVariantGroup section */

/* Begin XCBuildConfiguration section */
		72F0A864280868D900972059 /* Debug */ = {
			isa = XCBuildConfiguration;
			buildSettings = {
				ALWAYS_SEARCH_USER_PATHS = NO;
				CLANG_ANALYZER_NONNULL = YES;
				CLANG_ANALYZER_NUMBER_OBJECT_CONVERSION = YES_AGGRESSIVE;
				CLANG_CXX_LANGUAGE_STANDARD = "gnu++17";
				CLANG_ENABLE_MODULES = YES;
				CLANG_ENABLE_OBJC_ARC = YES;
				CLANG_ENABLE_OBJC_WEAK = YES;
				CLANG_WARN_BLOCK_CAPTURE_AUTORELEASING = YES;
				CLANG_WARN_BOOL_CONVERSION = YES;
				CLANG_WARN_COMMA = YES;
				CLANG_WARN_CONSTANT_CONVERSION = YES;
				CLANG_WARN_DEPRECATED_OBJC_IMPLEMENTATIONS = YES;
				CLANG_WARN_DIRECT_OBJC_ISA_USAGE = YES_ERROR;
				CLANG_WARN_DOCUMENTATION_COMMENTS = YES;
				CLANG_WARN_EMPTY_BODY = YES;
				CLANG_WARN_ENUM_CONVERSION = YES;
				CLANG_WARN_INFINITE_RECURSION = YES;
				CLANG_WARN_INT_CONVERSION = YES;
				CLANG_WARN_NON_LITERAL_NULL_CONVERSION = YES;
				CLANG_WARN_OBJC_IMPLICIT_RETAIN_SELF = YES;
				CLANG_WARN_OBJC_LITERAL_CONVERSION = YES;
				CLANG_WARN_OBJC_ROOT_CLASS = YES_ERROR;
				CLANG_WARN_QUOTED_INCLUDE_IN_FRAMEWORK_HEADER = YES;
				CLANG_WARN_RANGE_LOOP_ANALYSIS = YES;
				CLANG_WARN_STRICT_PROTOTYPES = YES;
				CLANG_WARN_SUSPICIOUS_MOVE = YES;
				CLANG_WARN_UNGUARDED_AVAILABILITY = YES_AGGRESSIVE;
				CLANG_WARN_UNREACHABLE_CODE = YES;
				CLANG_WARN__DUPLICATE_METHOD_MATCH = YES;
				COPY_PHASE_STRIP = NO;
				DEBUG_INFORMATION_FORMAT = dwarf;
				ENABLE_STRICT_OBJC_MSGSEND = YES;
				ENABLE_TESTABILITY = YES;
				GCC_C_LANGUAGE_STANDARD = gnu11;
				GCC_DYNAMIC_NO_PIC = NO;
				GCC_NO_COMMON_BLOCKS = YES;
				GCC_OPTIMIZATION_LEVEL = 0;
				GCC_PREPROCESSOR_DEFINITIONS = (
					"DEBUG=1",
					"$(inherited)",
				);
				GCC_WARN_64_TO_32_BIT_CONVERSION = YES;
				GCC_WARN_ABOUT_RETURN_TYPE = YES_ERROR;
				GCC_WARN_UNDECLARED_SELECTOR = YES;
				GCC_WARN_UNINITIALIZED_AUTOS = YES_AGGRESSIVE;
				GCC_WARN_UNUSED_FUNCTION = YES;
				GCC_WARN_UNUSED_VARIABLE = YES;
				IPHONEOS_DEPLOYMENT_TARGET = 14.0;
				MTL_ENABLE_DEBUG_INFO = INCLUDE_SOURCE;
				MTL_FAST_MATH = YES;
				ONLY_ACTIVE_ARCH = YES;
				SDKROOT = iphoneos;
				SWIFT_ACTIVE_COMPILATION_CONDITIONS = DEBUG;
				SWIFT_OPTIMIZATION_LEVEL = "-Onone";
			};
			name = Debug;
		};
		72F0A865280868D900972059 /* Release */ = {
			isa = XCBuildConfiguration;
			buildSettings = {
				ALWAYS_SEARCH_USER_PATHS = NO;
				CLANG_ANALYZER_NONNULL = YES;
				CLANG_ANALYZER_NUMBER_OBJECT_CONVERSION = YES_AGGRESSIVE;
				CLANG_CXX_LANGUAGE_STANDARD = "gnu++17";
				CLANG_ENABLE_MODULES = YES;
				CLANG_ENABLE_OBJC_ARC = YES;
				CLANG_ENABLE_OBJC_WEAK = YES;
				CLANG_WARN_BLOCK_CAPTURE_AUTORELEASING = YES;
				CLANG_WARN_BOOL_CONVERSION = YES;
				CLANG_WARN_COMMA = YES;
				CLANG_WARN_CONSTANT_CONVERSION = YES;
				CLANG_WARN_DEPRECATED_OBJC_IMPLEMENTATIONS = YES;
				CLANG_WARN_DIRECT_OBJC_ISA_USAGE = YES_ERROR;
				CLANG_WARN_DOCUMENTATION_COMMENTS = YES;
				CLANG_WARN_EMPTY_BODY = YES;
				CLANG_WARN_ENUM_CONVERSION = YES;
				CLANG_WARN_INFINITE_RECURSION = YES;
				CLANG_WARN_INT_CONVERSION = YES;
				CLANG_WARN_NON_LITERAL_NULL_CONVERSION = YES;
				CLANG_WARN_OBJC_IMPLICIT_RETAIN_SELF = YES;
				CLANG_WARN_OBJC_LITERAL_CONVERSION = YES;
				CLANG_WARN_OBJC_ROOT_CLASS = YES_ERROR;
				CLANG_WARN_QUOTED_INCLUDE_IN_FRAMEWORK_HEADER = YES;
				CLANG_WARN_RANGE_LOOP_ANALYSIS = YES;
				CLANG_WARN_STRICT_PROTOTYPES = YES;
				CLANG_WARN_SUSPICIOUS_MOVE = YES;
				CLANG_WARN_UNGUARDED_AVAILABILITY = YES_AGGRESSIVE;
				CLANG_WARN_UNREACHABLE_CODE = YES;
				CLANG_WARN__DUPLICATE_METHOD_MATCH = YES;
				COPY_PHASE_STRIP = NO;
				DEBUG_INFORMATION_FORMAT = "dwarf-with-dsym";
				ENABLE_NS_ASSERTIONS = NO;
				ENABLE_STRICT_OBJC_MSGSEND = YES;
				GCC_C_LANGUAGE_STANDARD = gnu11;
				GCC_NO_COMMON_BLOCKS = YES;
				GCC_WARN_64_TO_32_BIT_CONVERSION = YES;
				GCC_WARN_ABOUT_RETURN_TYPE = YES_ERROR;
				GCC_WARN_UNDECLARED_SELECTOR = YES;
				GCC_WARN_UNINITIALIZED_AUTOS = YES_AGGRESSIVE;
				GCC_WARN_UNUSED_FUNCTION = YES;
				GCC_WARN_UNUSED_VARIABLE = YES;
				IPHONEOS_DEPLOYMENT_TARGET = 14.0;
				MTL_ENABLE_DEBUG_INFO = NO;
				MTL_FAST_MATH = YES;
				SDKROOT = iphoneos;
				SWIFT_COMPILATION_MODE = wholemodule;
				SWIFT_OPTIMIZATION_LEVEL = "-O";
				VALIDATE_PRODUCT = YES;
			};
			name = Release;
		};
		72F0A867280868D900972059 /* Debug */ = {
			isa = XCBuildConfiguration;
			buildSettings = {
				ASSETCATALOG_COMPILER_APPICON_NAME = AppIcon;
				ASSETCATALOG_COMPILER_GLOBAL_ACCENT_COLOR_NAME = AccentColor;
				CODE_SIGN_STYLE = Automatic;
				CURRENT_PROJECT_VERSION = 1;
				DEVELOPMENT_TEAM = C7TG7VCR5Q;
				GENERATE_INFOPLIST_FILE = YES;
				INFOPLIST_FILE = WeatherApp/Info.plist;
				INFOPLIST_KEY_UIApplicationSupportsIndirectInputEvents = YES;
				INFOPLIST_KEY_UILaunchStoryboardName = LaunchScreen;
				INFOPLIST_KEY_UISupportedInterfaceOrientations_iPad = "UIInterfaceOrientationPortrait UIInterfaceOrientationPortraitUpsideDown UIInterfaceOrientationLandscapeLeft UIInterfaceOrientationLandscapeRight";
				INFOPLIST_KEY_UISupportedInterfaceOrientations_iPhone = "UIInterfaceOrientationPortrait UIInterfaceOrientationLandscapeLeft UIInterfaceOrientationLandscapeRight";
				LD_RUNPATH_SEARCH_PATHS = (
					"$(inherited)",
					"@executable_path/Frameworks",
				);
				MARKETING_VERSION = 1.0;
				PRODUCT_BUNDLE_IDENTIFIER = com.pavelKondratyev.WeatherApp;
				PRODUCT_NAME = "$(TARGET_NAME)";
				SWIFT_EMIT_LOC_STRINGS = YES;
				SWIFT_VERSION = 5.0;
				TARGETED_DEVICE_FAMILY = 1;
			};
			name = Debug;
		};
		72F0A868280868D900972059 /* Release */ = {
			isa = XCBuildConfiguration;
			buildSettings = {
				ASSETCATALOG_COMPILER_APPICON_NAME = AppIcon;
				ASSETCATALOG_COMPILER_GLOBAL_ACCENT_COLOR_NAME = AccentColor;
				CODE_SIGN_STYLE = Automatic;
				CURRENT_PROJECT_VERSION = 1;
				DEVELOPMENT_TEAM = C7TG7VCR5Q;
				GENERATE_INFOPLIST_FILE = YES;
				INFOPLIST_FILE = WeatherApp/Info.plist;
				INFOPLIST_KEY_UIApplicationSupportsIndirectInputEvents = YES;
				INFOPLIST_KEY_UILaunchStoryboardName = LaunchScreen;
				INFOPLIST_KEY_UISupportedInterfaceOrientations_iPad = "UIInterfaceOrientationPortrait UIInterfaceOrientationPortraitUpsideDown UIInterfaceOrientationLandscapeLeft UIInterfaceOrientationLandscapeRight";
				INFOPLIST_KEY_UISupportedInterfaceOrientations_iPhone = "UIInterfaceOrientationPortrait UIInterfaceOrientationLandscapeLeft UIInterfaceOrientationLandscapeRight";
				LD_RUNPATH_SEARCH_PATHS = (
					"$(inherited)",
					"@executable_path/Frameworks",
				);
				MARKETING_VERSION = 1.0;
				PRODUCT_BUNDLE_IDENTIFIER = com.pavelKondratyev.WeatherApp;
				PRODUCT_NAME = "$(TARGET_NAME)";
				SWIFT_EMIT_LOC_STRINGS = YES;
				SWIFT_VERSION = 5.0;
				TARGETED_DEVICE_FAMILY = 1;
			};
			name = Release;
		};
/* End XCBuildConfiguration section */

/* Begin XCConfigurationList section */
		72F0A84D280868D700972059 /* Build configuration list for PBXProject "WeatherApp" */ = {
			isa = XCConfigurationList;
			buildConfigurations = (
				72F0A864280868D900972059 /* Debug */,
				72F0A865280868D900972059 /* Release */,
			);
			defaultConfigurationIsVisible = 0;
			defaultConfigurationName = Release;
		};
		72F0A866280868D900972059 /* Build configuration list for PBXNativeTarget "WeatherApp" */ = {
			isa = XCConfigurationList;
			buildConfigurations = (
				72F0A867280868D900972059 /* Debug */,
				72F0A868280868D900972059 /* Release */,
			);
			defaultConfigurationIsVisible = 0;
			defaultConfigurationName = Release;
		};
/* End XCConfigurationList section */

/* Begin XCVersionGroup section */
		727988282809AF7E00A762F0 /* Model.xcdatamodeld */ = {
			isa = XCVersionGroup;
			children = (
				727988292809AF7E00A762F0 /* Model.xcdatamodel */,
			);
			currentVersion = 727988292809AF7E00A762F0 /* Model.xcdatamodel */;
			path = Model.xcdatamodeld;
			sourceTree = "<group>";
			versionGroupType = wrapper.xcdatamodel;
		};
/* End XCVersionGroup section */
	};
	rootObject = 72F0A84A280868D700972059 /* Project object */;
}
